google-adk==1.21.0
google-ai-generativelanguage==0.6.15
google-api-core==2.28.1
google-api-python-client==2.187.0
google-auth==2.45.0
google-auth-httplib2==0.3.0
google-cloud-aiplatform==1.132.0
google-cloud-appengine-logging==1.7.0
google-cloud-audit-log==0.4.0
google-cloud-bigquery==3.39.0
google-cloud-bigquery-storage==2.36.0
google-cloud-bigtable==2.35.0
google-cloud-core==2.5.0
google-cloud-discoveryengine==0.13.12
google-cloud-logging==3.13.0
google-cloud-monitoring==2.28.0
google-cloud-resource-manager==1.15.0
google-cloud-secret-manager==2.26.0
google-cloud-spanner==3.61.0
google-cloud-speech==2.35.0
google-cloud-storage==3.7.0
google-cloud-trace==1.17.0
google-crc32c==1.8.0
google-genai==1.56.0
google-generativeai==0.8.6
google-resumable-media==2.8.0
googleapis-common-protos==1.72.0
grpc-google-iam-v1==0.14.3
langchain-google-genai==4.1.2
